
Microsoft Visual Studio Solution File, Format Version 12.00
# Visual Studio Version 17
VisualStudioVersion = 17.12.35527.113
MinimumVisualStudioVersion = 10.0.40219.1
Project("{2150E333-8FDC-42A3-9474-1A3956D46DE8}") = "Creational", "Creational", "{7FFFF298-BDC5-4FC7-A9ED-F824CBFA67A4}"
EndProject
Project("{2150E333-8FDC-42A3-9474-1A3956D46DE8}") = "Behavioral", "Behavioral", "{F2147F25-C385-4301-A0A5-B55810CD1900}"
EndProject
Project("{2150E333-8FDC-42A3-9474-1A3956D46DE8}") = "Structural", "Structural", "{2FC667F5-BC37-4203-818F-827EA1F15A11}"
EndProject
Project("{FAE04EC0-301F-11D3-BF4B-00C04F79EFBC}") = "SingletonPattern", "Creational\Singleton\SingletonPattern.csproj", "{4D09F0DC-87A9-4A98-84D0-CDE269B41625}"
EndProject
Project("{FAE04EC0-301F-11D3-BF4B-00C04F79EFBC}") = "AbstractFactoryPattern", "Creational\Factory\AbstractFactory\AbstractFactoryPattern.csproj", "{9AB7361B-D5B8-4A4F-AA4D-7384C967A5ED}"
EndProject
Project("{FAE04EC0-301F-11D3-BF4B-00C04F79EFBC}") = "BuilderPattern", "Creational\Builder\BuilderPattern.csproj", "{A3EB9C04-B6C5-4801-B4A0-2847F53C0ADA}"
EndProject
Project("{FAE04EC0-301F-11D3-BF4B-00C04F79EFBC}") = "PrototypePattern", "Creational\Prototype\PrototypePattern.csproj", "{B9D673AE-DCD1-46C9-BF0A-E408B945509F}"
EndProject
Project("{FAE04EC0-301F-11D3-BF4B-00C04F79EFBC}") = "SimpleFactoryPatten", "Creational\Factory\SimpleFactory\SimpleFactoryPatten.csproj", "{F261A589-D89D-43C3-BEF6-3A296BF29B5E}"
EndProject
Project("{2150E333-8FDC-42A3-9474-1A3956D46DE8}") = "Factory", "Factory", "{AC83DE0B-ADA1-4AE3-8EA5-491C7995B898}"
EndProject
Project("{FAE04EC0-301F-11D3-BF4B-00C04F79EFBC}") = "FactoryMethodPattern", "Creational\Factory\FactoryMethodPattern\FactoryMethodPattern\FactoryMethodPattern.csproj", "{AFEEAE68-D5E6-4DC2-844E-C6413767E422}"
EndProject
Project("{FAE04EC0-301F-11D3-BF4B-00C04F79EFBC}") = "FluentInterfaceDesignPattern", "Creational\FluentInterface\FluentInterfaceDesignPattern\FluentInterfaceDesignPattern.csproj", "{9CD16F3A-4E7F-4E1C-818D-6BB5D2ED15E4}"
EndProject
Project("{2150E333-8FDC-42A3-9474-1A3956D46DE8}") = "Adapter", "Adapter", "{615D2460-79EB-4A38-AA60-A32A2D65471D}"
EndProject
Project("{FAE04EC0-301F-11D3-BF4B-00C04F79EFBC}") = "ObjectAdapterPattern", "Structural\Adapter\ObjectAdapterPattern\ObjectAdapterPattern.csproj", "{FD481443-E6C7-48D1-A1D6-D90A19F5573A}"
EndProject
Project("{FAE04EC0-301F-11D3-BF4B-00C04F79EFBC}") = "ClassAdapterPattern", "Structural\Adapter\ClassAdapterPattern\ClassAdapterPattern.csproj", "{0E254BDC-8F87-4798-A4F2-8D60236378ED}"
EndProject
Project("{FAE04EC0-301F-11D3-BF4B-00C04F79EFBC}") = "BridgePattern", "Structural\Bridge\BridgePattern\BridgePattern.csproj", "{F600E66F-FA20-43F0-875B-9AF658236718}"
EndProject
Project("{FAE04EC0-301F-11D3-BF4B-00C04F79EFBC}") = "DecoratorPattern", "Structural\Decorator\DecoratorPattern\DecoratorPattern.csproj", "{BA88D8FB-6771-4214-AB69-53D6BCBCF1CF}"
EndProject
Project("{FAE04EC0-301F-11D3-BF4B-00C04F79EFBC}") = "ProxyPattern", "Structural\Proxy\ProxyPattern\ProxyPattern.csproj", "{33D7B0D7-5EA7-48A0-ABDE-634022FF848E}"
EndProject
Project("{FAE04EC0-301F-11D3-BF4B-00C04F79EFBC}") = "FacadePattern", "Structural\Facade\FacadePattern\FacadePattern.csproj", "{8B479044-9BFE-46F2-94F2-33BB050615B0}"
EndProject
Project("{FAE04EC0-301F-11D3-BF4B-00C04F79EFBC}") = "FlyweightPattern", "Structural\Flyweight\FlyweightPattern\FlyweightPattern.csproj", "{1774DFE9-3878-45FE-854B-D3C8DD9573DF}"
EndProject
Project("{FAE04EC0-301F-11D3-BF4B-00C04F79EFBC}") = "CompositePattern", "Structural\Composite\CompositePattern\CompositePattern.csproj", "{B32C88BF-7983-4707-8B54-17E8D4EBE10E}"
EndProject
Project("{FAE04EC0-301F-11D3-BF4B-00C04F79EFBC}") = "ChainOfResponsibilityPattern", "Behavioral\ChainOfResponsibility\ChainOfResponsibilityPattern\ChainOfResponsibilityPattern.csproj", "{27472953-F210-4DDA-ACD9-57A0CFE0F6A7}"
EndProject
Project("{FAE04EC0-301F-11D3-BF4B-00C04F79EFBC}") = "StratergyMethodPattern", "Behavioral\StratergyMethod\StratergyMethodPattern\StratergyMethodPattern.csproj", "{56B36587-9263-44BF-BB2E-6A26ED79BAF6}"
EndProject
Project("{FAE04EC0-301F-11D3-BF4B-00C04F79EFBC}") = "VisitorPattern", "Behavioral\Visitor\VisitorPattern\VisitorPattern.csproj", "{BD4F0916-FF84-4E16-9054-B18A5E3A342A}"
EndProject
Project("{FAE04EC0-301F-11D3-BF4B-00C04F79EFBC}") = "ObserverPattern", "Behavioral\Observer\ObserverPattern\ObserverPattern.csproj", "{BEEDEDA4-BAF1-46B8-AC3A-EC84824B5EDC}"
EndProject
Project("{FAE04EC0-301F-11D3-BF4B-00C04F79EFBC}") = "TemplatePattern", "Behavioral\Template\TemplatePattern\TemplatePattern.csproj", "{9626C9AB-960F-4C00-81E8-7BF42B89701A}"
EndProject
Project("{FAE04EC0-301F-11D3-BF4B-00C04F79EFBC}") = "StatePattern", "Behavioral\State\StatePattern\StatePattern.csproj", "{D6CC9D81-FC42-438C-9070-7214C154A4A3}"
EndProject
Project("{FAE04EC0-301F-11D3-BF4B-00C04F79EFBC}") = "IteratorPattern", "Behavioral\Iterator\IteratorPattern\IteratorPattern.csproj", "{882E8AAD-935D-4E3A-8C2B-09CFA70F0287}"
EndProject
Project("{FAE04EC0-301F-11D3-BF4B-00C04F79EFBC}") = "CommandPattern", "Behavioral\Command\CommandPattern\CommandPattern.csproj", "{ACCBD807-C34E-489D-B984-78787A19AD60}"
EndProject
Project("{FAE04EC0-301F-11D3-BF4B-00C04F79EFBC}") = "MediatorPatter", "Behavioral\Mediator\MediatorPatter\MediatorPatter.csproj", "{C8303118-4CAE-447C-9087-9F0D35111164}"
EndProject
Project("{FAE04EC0-301F-11D3-BF4B-00C04F79EFBC}") = "InterpreterPatter", "Behavioral\Interpreter\InterpreterPatter\InterpreterPatter.csproj", "{657A4E7D-2C97-4CB5-B0C9-7FAE4E21B5F2}"
EndProject
Global
	GlobalSection(SolutionConfigurationPlatforms) = preSolution
		Debug|Any CPU = Debug|Any CPU
		Release|Any CPU = Release|Any CPU
	EndGlobalSection
	GlobalSection(ProjectConfigurationPlatforms) = postSolution
		{4D09F0DC-87A9-4A98-84D0-CDE269B41625}.Debug|Any CPU.ActiveCfg = Debug|Any CPU
		{4D09F0DC-87A9-4A98-84D0-CDE269B41625}.Debug|Any CPU.Build.0 = Debug|Any CPU
		{4D09F0DC-87A9-4A98-84D0-CDE269B41625}.Release|Any CPU.ActiveCfg = Release|Any CPU
		{4D09F0DC-87A9-4A98-84D0-CDE269B41625}.Release|Any CPU.Build.0 = Release|Any CPU
		{9AB7361B-D5B8-4A4F-AA4D-7384C967A5ED}.Debug|Any CPU.ActiveCfg = Debug|Any CPU
		{9AB7361B-D5B8-4A4F-AA4D-7384C967A5ED}.Debug|Any CPU.Build.0 = Debug|Any CPU
		{9AB7361B-D5B8-4A4F-AA4D-7384C967A5ED}.Release|Any CPU.ActiveCfg = Release|Any CPU
		{9AB7361B-D5B8-4A4F-AA4D-7384C967A5ED}.Release|Any CPU.Build.0 = Release|Any CPU
		{A3EB9C04-B6C5-4801-B4A0-2847F53C0ADA}.Debug|Any CPU.ActiveCfg = Debug|Any CPU
		{A3EB9C04-B6C5-4801-B4A0-2847F53C0ADA}.Debug|Any CPU.Build.0 = Debug|Any CPU
		{A3EB9C04-B6C5-4801-B4A0-2847F53C0ADA}.Release|Any CPU.ActiveCfg = Release|Any CPU
		{A3EB9C04-B6C5-4801-B4A0-2847F53C0ADA}.Release|Any CPU.Build.0 = Release|Any CPU
		{B9D673AE-DCD1-46C9-BF0A-E408B945509F}.Debug|Any CPU.ActiveCfg = Debug|Any CPU
		{B9D673AE-DCD1-46C9-BF0A-E408B945509F}.Debug|Any CPU.Build.0 = Debug|Any CPU
		{B9D673AE-DCD1-46C9-BF0A-E408B945509F}.Release|Any CPU.ActiveCfg = Release|Any CPU
		{B9D673AE-DCD1-46C9-BF0A-E408B945509F}.Release|Any CPU.Build.0 = Release|Any CPU
		{F261A589-D89D-43C3-BEF6-3A296BF29B5E}.Debug|Any CPU.ActiveCfg = Debug|Any CPU
		{F261A589-D89D-43C3-BEF6-3A296BF29B5E}.Debug|Any CPU.Build.0 = Debug|Any CPU
		{F261A589-D89D-43C3-BEF6-3A296BF29B5E}.Release|Any CPU.ActiveCfg = Release|Any CPU
		{F261A589-D89D-43C3-BEF6-3A296BF29B5E}.Release|Any CPU.Build.0 = Release|Any CPU
		{AFEEAE68-D5E6-4DC2-844E-C6413767E422}.Debug|Any CPU.ActiveCfg = Debug|Any CPU
		{AFEEAE68-D5E6-4DC2-844E-C6413767E422}.Debug|Any CPU.Build.0 = Debug|Any CPU
		{AFEEAE68-D5E6-4DC2-844E-C6413767E422}.Release|Any CPU.ActiveCfg = Release|Any CPU
		{AFEEAE68-D5E6-4DC2-844E-C6413767E422}.Release|Any CPU.Build.0 = Release|Any CPU
		{9CD16F3A-4E7F-4E1C-818D-6BB5D2ED15E4}.Debug|Any CPU.ActiveCfg = Debug|Any CPU
		{9CD16F3A-4E7F-4E1C-818D-6BB5D2ED15E4}.Debug|Any CPU.Build.0 = Debug|Any CPU
		{9CD16F3A-4E7F-4E1C-818D-6BB5D2ED15E4}.Release|Any CPU.ActiveCfg = Release|Any CPU
		{9CD16F3A-4E7F-4E1C-818D-6BB5D2ED15E4}.Release|Any CPU.Build.0 = Release|Any CPU
		{FD481443-E6C7-48D1-A1D6-D90A19F5573A}.Debug|Any CPU.ActiveCfg = Debug|Any CPU
		{FD481443-E6C7-48D1-A1D6-D90A19F5573A}.Debug|Any CPU.Build.0 = Debug|Any CPU
		{FD481443-E6C7-48D1-A1D6-D90A19F5573A}.Release|Any CPU.ActiveCfg = Release|Any CPU
		{FD481443-E6C7-48D1-A1D6-D90A19F5573A}.Release|Any CPU.Build.0 = Release|Any CPU
		{0E254BDC-8F87-4798-A4F2-8D60236378ED}.Debug|Any CPU.ActiveCfg = Debug|Any CPU
		{0E254BDC-8F87-4798-A4F2-8D60236378ED}.Debug|Any CPU.Build.0 = Debug|Any CPU
		{0E254BDC-8F87-4798-A4F2-8D60236378ED}.Release|Any CPU.ActiveCfg = Release|Any CPU
		{0E254BDC-8F87-4798-A4F2-8D60236378ED}.Release|Any CPU.Build.0 = Release|Any CPU
		{F600E66F-FA20-43F0-875B-9AF658236718}.Debug|Any CPU.ActiveCfg = Debug|Any CPU
		{F600E66F-FA20-43F0-875B-9AF658236718}.Debug|Any CPU.Build.0 = Debug|Any CPU
		{F600E66F-FA20-43F0-875B-9AF658236718}.Release|Any CPU.ActiveCfg = Release|Any CPU
		{F600E66F-FA20-43F0-875B-9AF658236718}.Release|Any CPU.Build.0 = Release|Any CPU
		{BA88D8FB-6771-4214-AB69-53D6BCBCF1CF}.Debug|Any CPU.ActiveCfg = Debug|Any CPU
		{BA88D8FB-6771-4214-AB69-53D6BCBCF1CF}.Debug|Any CPU.Build.0 = Debug|Any CPU
		{BA88D8FB-6771-4214-AB69-53D6BCBCF1CF}.Release|Any CPU.ActiveCfg = Release|Any CPU
		{BA88D8FB-6771-4214-AB69-53D6BCBCF1CF}.Release|Any CPU.Build.0 = Release|Any CPU
		{33D7B0D7-5EA7-48A0-ABDE-634022FF848E}.Debug|Any CPU.ActiveCfg = Debug|Any CPU
		{33D7B0D7-5EA7-48A0-ABDE-634022FF848E}.Debug|Any CPU.Build.0 = Debug|Any CPU
		{33D7B0D7-5EA7-48A0-ABDE-634022FF848E}.Release|Any CPU.ActiveCfg = Release|Any CPU
		{33D7B0D7-5EA7-48A0-ABDE-634022FF848E}.Release|Any CPU.Build.0 = Release|Any CPU
		{8B479044-9BFE-46F2-94F2-33BB050615B0}.Debug|Any CPU.ActiveCfg = Debug|Any CPU
		{8B479044-9BFE-46F2-94F2-33BB050615B0}.Debug|Any CPU.Build.0 = Debug|Any CPU
		{8B479044-9BFE-46F2-94F2-33BB050615B0}.Release|Any CPU.ActiveCfg = Release|Any CPU
		{8B479044-9BFE-46F2-94F2-33BB050615B0}.Release|Any CPU.Build.0 = Release|Any CPU
		{1774DFE9-3878-45FE-854B-D3C8DD9573DF}.Debug|Any CPU.ActiveCfg = Debug|Any CPU
		{1774DFE9-3878-45FE-854B-D3C8DD9573DF}.Debug|Any CPU.Build.0 = Debug|Any CPU
		{1774DFE9-3878-45FE-854B-D3C8DD9573DF}.Release|Any CPU.ActiveCfg = Release|Any CPU
		{1774DFE9-3878-45FE-854B-D3C8DD9573DF}.Release|Any CPU.Build.0 = Release|Any CPU
		{B32C88BF-7983-4707-8B54-17E8D4EBE10E}.Debug|Any CPU.ActiveCfg = Debug|Any CPU
		{B32C88BF-7983-4707-8B54-17E8D4EBE10E}.Debug|Any CPU.Build.0 = Debug|Any CPU
		{B32C88BF-7983-4707-8B54-17E8D4EBE10E}.Release|Any CPU.ActiveCfg = Release|Any CPU
		{B32C88BF-7983-4707-8B54-17E8D4EBE10E}.Release|Any CPU.Build.0 = Release|Any CPU
		{27472953-F210-4DDA-ACD9-57A0CFE0F6A7}.Debug|Any CPU.ActiveCfg = Debug|Any CPU
		{27472953-F210-4DDA-ACD9-57A0CFE0F6A7}.Debug|Any CPU.Build.0 = Debug|Any CPU
		{27472953-F210-4DDA-ACD9-57A0CFE0F6A7}.Release|Any CPU.ActiveCfg = Release|Any CPU
		{27472953-F210-4DDA-ACD9-57A0CFE0F6A7}.Release|Any CPU.Build.0 = Release|Any CPU
		{56B36587-9263-44BF-BB2E-6A26ED79BAF6}.Debug|Any CPU.ActiveCfg = Debug|Any CPU
		{56B36587-9263-44BF-BB2E-6A26ED79BAF6}.Debug|Any CPU.Build.0 = Debug|Any CPU
		{56B36587-9263-44BF-BB2E-6A26ED79BAF6}.Release|Any CPU.ActiveCfg = Release|Any CPU
		{56B36587-9263-44BF-BB2E-6A26ED79BAF6}.Release|Any CPU.Build.0 = Release|Any CPU
		{BD4F0916-FF84-4E16-9054-B18A5E3A342A}.Debug|Any CPU.ActiveCfg = Debug|Any CPU
		{BD4F0916-FF84-4E16-9054-B18A5E3A342A}.Debug|Any CPU.Build.0 = Debug|Any CPU
		{BD4F0916-FF84-4E16-9054-B18A5E3A342A}.Release|Any CPU.ActiveCfg = Release|Any CPU
		{BD4F0916-FF84-4E16-9054-B18A5E3A342A}.Release|Any CPU.Build.0 = Release|Any CPU
		{BEEDEDA4-BAF1-46B8-AC3A-EC84824B5EDC}.Debug|Any CPU.ActiveCfg = Debug|Any CPU
		{BEEDEDA4-BAF1-46B8-AC3A-EC84824B5EDC}.Debug|Any CPU.Build.0 = Debug|Any CPU
		{BEEDEDA4-BAF1-46B8-AC3A-EC84824B5EDC}.Release|Any CPU.ActiveCfg = Release|Any CPU
		{BEEDEDA4-BAF1-46B8-AC3A-EC84824B5EDC}.Release|Any CPU.Build.0 = Release|Any CPU
		{9626C9AB-960F-4C00-81E8-7BF42B89701A}.Debug|Any CPU.ActiveCfg = Debug|Any CPU
		{9626C9AB-960F-4C00-81E8-7BF42B89701A}.Debug|Any CPU.Build.0 = Debug|Any CPU
		{9626C9AB-960F-4C00-81E8-7BF42B89701A}.Release|Any CPU.ActiveCfg = Release|Any CPU
		{9626C9AB-960F-4C00-81E8-7BF42B89701A}.Release|Any CPU.Build.0 = Release|Any CPU
		{D6CC9D81-FC42-438C-9070-7214C154A4A3}.Debug|Any CPU.ActiveCfg = Debug|Any CPU
		{D6CC9D81-FC42-438C-9070-7214C154A4A3}.Debug|Any CPU.Build.0 = Debug|Any CPU
		{D6CC9D81-FC42-438C-9070-7214C154A4A3}.Release|Any CPU.ActiveCfg = Release|Any CPU
		{D6CC9D81-FC42-438C-9070-7214C154A4A3}.Release|Any CPU.Build.0 = Release|Any CPU
		{882E8AAD-935D-4E3A-8C2B-09CFA70F0287}.Debug|Any CPU.ActiveCfg = Debug|Any CPU
		{882E8AAD-935D-4E3A-8C2B-09CFA70F0287}.Debug|Any CPU.Build.0 = Debug|Any CPU
		{882E8AAD-935D-4E3A-8C2B-09CFA70F0287}.Release|Any CPU.ActiveCfg = Release|Any CPU
		{882E8AAD-935D-4E3A-8C2B-09CFA70F0287}.Release|Any CPU.Build.0 = Release|Any CPU
		{ACCBD807-C34E-489D-B984-78787A19AD60}.Debug|Any CPU.ActiveCfg = Debug|Any CPU
		{ACCBD807-C34E-489D-B984-78787A19AD60}.Debug|Any CPU.Build.0 = Debug|Any CPU
		{ACCBD807-C34E-489D-B984-78787A19AD60}.Release|Any CPU.ActiveCfg = Release|Any CPU
		{ACCBD807-C34E-489D-B984-78787A19AD60}.Release|Any CPU.Build.0 = Release|Any CPU
		{C8303118-4CAE-447C-9087-9F0D35111164}.Debug|Any CPU.ActiveCfg = Debug|Any CPU
		{C8303118-4CAE-447C-9087-9F0D35111164}.Debug|Any CPU.Build.0 = Debug|Any CPU
		{C8303118-4CAE-447C-9087-9F0D35111164}.Release|Any CPU.ActiveCfg = Release|Any CPU
		{C8303118-4CAE-447C-9087-9F0D35111164}.Release|Any CPU.Build.0 = Release|Any CPU
		{657A4E7D-2C97-4CB5-B0C9-7FAE4E21B5F2}.Debug|Any CPU.ActiveCfg = Debug|Any CPU
		{657A4E7D-2C97-4CB5-B0C9-7FAE4E21B5F2}.Debug|Any CPU.Build.0 = Debug|Any CPU
		{657A4E7D-2C97-4CB5-B0C9-7FAE4E21B5F2}.Release|Any CPU.ActiveCfg = Release|Any CPU
		{657A4E7D-2C97-4CB5-B0C9-7FAE4E21B5F2}.Release|Any CPU.Build.0 = Release|Any CPU
	EndGlobalSection
	GlobalSection(SolutionProperties) = preSolution
		HideSolutionNode = FALSE
	EndGlobalSection
	GlobalSection(NestedProjects) = preSolution
		{4D09F0DC-87A9-4A98-84D0-CDE269B41625} = {7FFFF298-BDC5-4FC7-A9ED-F824CBFA67A4}
		{9AB7361B-D5B8-4A4F-AA4D-7384C967A5ED} = {AC83DE0B-ADA1-4AE3-8EA5-491C7995B898}
		{A3EB9C04-B6C5-4801-B4A0-2847F53C0ADA} = {7FFFF298-BDC5-4FC7-A9ED-F824CBFA67A4}
		{B9D673AE-DCD1-46C9-BF0A-E408B945509F} = {7FFFF298-BDC5-4FC7-A9ED-F824CBFA67A4}
		{F261A589-D89D-43C3-BEF6-3A296BF29B5E} = {AC83DE0B-ADA1-4AE3-8EA5-491C7995B898}
		{AC83DE0B-ADA1-4AE3-8EA5-491C7995B898} = {7FFFF298-BDC5-4FC7-A9ED-F824CBFA67A4}
		{AFEEAE68-D5E6-4DC2-844E-C6413767E422} = {AC83DE0B-ADA1-4AE3-8EA5-491C7995B898}
		{9CD16F3A-4E7F-4E1C-818D-6BB5D2ED15E4} = {7FFFF298-BDC5-4FC7-A9ED-F824CBFA67A4}
		{615D2460-79EB-4A38-AA60-A32A2D65471D} = {2FC667F5-BC37-4203-818F-827EA1F15A11}
		{FD481443-E6C7-48D1-A1D6-D90A19F5573A} = {615D2460-79EB-4A38-AA60-A32A2D65471D}
		{0E254BDC-8F87-4798-A4F2-8D60236378ED} = {615D2460-79EB-4A38-AA60-A32A2D65471D}
		{F600E66F-FA20-43F0-875B-9AF658236718} = {2FC667F5-BC37-4203-818F-827EA1F15A11}
		{BA88D8FB-6771-4214-AB69-53D6BCBCF1CF} = {2FC667F5-BC37-4203-818F-827EA1F15A11}
		{33D7B0D7-5EA7-48A0-ABDE-634022FF848E} = {2FC667F5-BC37-4203-818F-827EA1F15A11}
		{8B479044-9BFE-46F2-94F2-33BB050615B0} = {2FC667F5-BC37-4203-818F-827EA1F15A11}
		{1774DFE9-3878-45FE-854B-D3C8DD9573DF} = {2FC667F5-BC37-4203-818F-827EA1F15A11}
		{B32C88BF-7983-4707-8B54-17E8D4EBE10E} = {2FC667F5-BC37-4203-818F-827EA1F15A11}
		{27472953-F210-4DDA-ACD9-57A0CFE0F6A7} = {F2147F25-C385-4301-A0A5-B55810CD1900}
		{56B36587-9263-44BF-BB2E-6A26ED79BAF6} = {F2147F25-C385-4301-A0A5-B55810CD1900}
		{BD4F0916-FF84-4E16-9054-B18A5E3A342A} = {F2147F25-C385-4301-A0A5-B55810CD1900}
		{BEEDEDA4-BAF1-46B8-AC3A-EC84824B5EDC} = {F2147F25-C385-4301-A0A5-B55810CD1900}
		{9626C9AB-960F-4C00-81E8-7BF42B89701A} = {F2147F25-C385-4301-A0A5-B55810CD1900}
		{D6CC9D81-FC42-438C-9070-7214C154A4A3} = {F2147F25-C385-4301-A0A5-B55810CD1900}
		{882E8AAD-935D-4E3A-8C2B-09CFA70F0287} = {F2147F25-C385-4301-A0A5-B55810CD1900}
		{ACCBD807-C34E-489D-B984-78787A19AD60} = {F2147F25-C385-4301-A0A5-B55810CD1900}
		{C8303118-4CAE-447C-9087-9F0D35111164} = {F2147F25-C385-4301-A0A5-B55810CD1900}
		{657A4E7D-2C97-4CB5-B0C9-7FAE4E21B5F2} = {F2147F25-C385-4301-A0A5-B55810CD1900}
	EndGlobalSection
EndGlobal
